
Microsoft Visual Studio Solution File, Format Version 12.00
# Visual Studio 15
Project("{FAE04EC0-301F-11D3-BF4B-00C04F79EFBC}") = "Assembly-CSharp", "Assembly-CSharp.csproj", "{48F4680F-A91A-EDF6-8DAC-45E384F9FEBD}"
EndProject
Project("{FAE04EC0-301F-11D3-BF4B-00C04F79EFBC}") = "Assembly-CSharp-Editor", "Assembly-CSharp-Editor.csproj", "{985F2E0B-8041-F892-FDE1-9D853A91CF16}"
EndProject
Global
	GlobalSection(SolutionConfigurationPlatforms) = preSolution
		Debug|Any CPU = Debug|Any CPU
		Release|Any CPU = Release|Any CPU
	EndGlobalSection
	GlobalSection(ProjectConfigurationPlatforms) = postSolution
		{48F4680F-A91A-EDF6-8DAC-45E384F9FEBD}.Debug|Any CPU.ActiveCfg = Debug|Any CPU
		{48F4680F-A91A-EDF6-8DAC-45E384F9FEBD}.Debug|Any CPU.Build.0 = Debug|Any CPU
		{48F4680F-A91A-EDF6-8DAC-45E384F9FEBD}.Release|Any CPU.ActiveCfg = Release|Any CPU
		{48F4680F-A91A-EDF6-8DAC-45E384F9FEBD}.Release|Any CPU.Build.0 = Release|Any CPU
		{985F2E0B-8041-F892-FDE1-9D853A91CF16}.Debug|Any CPU.ActiveCfg = Debug|Any CPU
		{985F2E0B-8041-F892-FDE1-9D853A91CF16}.Debug|Any CPU.Build.0 = Debug|Any CPU
		{985F2E0B-8041-F892-FDE1-9D853A91CF16}.Release|Any CPU.ActiveCfg = Release|Any CPU
		{985F2E0B-8041-F892-FDE1-9D853A91CF16}.Release|Any CPU.Build.0 = Release|Any CPU
	EndGlobalSection
	GlobalSection(SolutionProperties) = preSolution
		HideSolutionNode = FALSE
	EndGlobalSection
EndGlobal
